
Microsoft Visual Studio Solution File, Format Version 12.00
# Visual Studio Version 16
VisualStudioVersion = 16.0.31829.152
MinimumVisualStudioVersion = 10.0.40219.1
Project("{9A19103F-16F7-4668-BE54-9A1E7A4F7556}") = "ChecksumVerification", "ChecksumVerification\ChecksumVerification.csproj", "{356EEE92-9F99-4110-988C-70FABCD6D513}"
EndProject
Global
	GlobalSection(SolutionConfigurationPlatforms) = preSolution
		Debug|Any CPU = Debug|Any CPU
		Release|Any CPU = Release|Any CPU
	EndGlobalSection
	GlobalSection(ProjectConfigurationPlatforms) = postSolution
		{356EEE92-9F99-4110-988C-70FABCD6D513}.Debug|Any CPU.ActiveCfg = Debug|Any CPU
		{356EEE92-9F99-4110-988C-70FABCD6D513}.Debug|Any CPU.Build.0 = Debug|Any CPU
		{356EEE92-9F99-4110-988C-70FABCD6D513}.Release|Any CPU.ActiveCfg = Release|Any CPU
		{356EEE92-9F99-4110-988C-70FABCD6D513}.Release|Any CPU.Build.0 = Release|Any CPU
	EndGlobalSection
	GlobalSection(SolutionProperties) = preSolution
		HideSolutionNode = FALSE
	EndGlobalSection
	GlobalSection(ExtensibilityGlobals) = postSolution
		SolutionGuid = {2BF55E24-41B0-483C-AFA7-83340475B893}
	EndGlobalSection
EndGlobal
